
Microsoft Visual Studio Solution File, Format Version 12.00
# Visual Studio Version 16
VisualStudioVersion = 16.0.30503.244
MinimumVisualStudioVersion = 10.0.40219.1
Project("{8BC9CEB8-8B4A-11D0-8D11-00A0C91BC942}") = "Exo5", "Exo5\Exo5.vcxproj", "{BD315FB8-C2BB-48D9-91E3-90D057B76696}"
EndProject
Global
	GlobalSection(SolutionConfigurationPlatforms) = preSolution
		Debug|x64 = Debug|x64
		Debug|x86 = Debug|x86
		Release|x64 = Release|x64
		Release|x86 = Release|x86
	EndGlobalSection
	GlobalSection(ProjectConfigurationPlatforms) = postSolution
		{BD315FB8-C2BB-48D9-91E3-90D057B76696}.Debug|x64.ActiveCfg = Debug|x64
		{BD315FB8-C2BB-48D9-91E3-90D057B76696}.Debug|x64.Build.0 = Debug|x64
		{BD315FB8-C2BB-48D9-91E3-90D057B76696}.Debug|x86.ActiveCfg = Debug|Win32
		{BD315FB8-C2BB-48D9-91E3-90D057B76696}.Debug|x86.Build.0 = Debug|Win32
		{BD315FB8-C2BB-48D9-91E3-90D057B76696}.Release|x64.ActiveCfg = Release|x64
		{BD315FB8-C2BB-48D9-91E3-90D057B76696}.Release|x64.Build.0 = Release|x64
		{BD315FB8-C2BB-48D9-91E3-90D057B76696}.Release|x86.ActiveCfg = Release|Win32
		{BD315FB8-C2BB-48D9-91E3-90D057B76696}.Release|x86.Build.0 = Release|Win32
	EndGlobalSection
	GlobalSection(SolutionProperties) = preSolution
		HideSolutionNode = FALSE
	EndGlobalSection
	GlobalSection(ExtensibilityGlobals) = postSolution
		SolutionGuid = {11EEAA39-21F2-4979-8067-5C9A13F2B5F4}
	EndGlobalSection
EndGlobal
